// !$*UTF8*$!
{
	archiveVersion = 1;
	classes = {
	};
	objectVersion = 46;
	objects = {

/* Begin PBXBuildFile section */
		6E2B262B18012207002B94F2 /* Security.framework in Frameworks */ = {isa = PBXBuildFile; fileRef = 6E2B262A18012207002B94F2 /* Security.framework */; };
		6E2B262E18012263002B94F2 /* Model.xcdatamodeld in Sources */ = {isa = PBXBuildFile; fileRef = 6E2B262C18012263002B94F2 /* Model.xcdatamodeld */; };
		6E41BC221803A97A001EE0C2 /* Client.m in Sources */ = {isa = PBXBuildFile; fileRef = 6E41BC211803A97A001EE0C2 /* Client.m */; };
		6E41BC2B1803A97B001EE0C2 /* Session.m in Sources */ = {isa = PBXBuildFile; fileRef = 6E41BC2A1803A97B001EE0C2 /* Session.m */; };
		6E41BC311803AA1E001EE0C2 /* User.m in Sources */ = {isa = PBXBuildFile; fileRef = 6E41BC301803AA1E001EE0C2 /* User.m */; };
		6E41BC341803AB29001EE0C2 /* Post.m in Sources */ = {isa = PBXBuildFile; fileRef = 6E41BC331803AB29001EE0C2 /* Post.m */; };
		6E41BC3A1803B010001EE0C2 /* RouteResponse+IPAddress.m in Sources */ = {isa = PBXBuildFile; fileRef = 6E41BC391803B010001EE0C2 /* RouteResponse+IPAddress.m */; };
		6E580FE41801D1D9004CB802 /* NSManagedObject+CoreDataJSONCompatibility.m in Sources */ = {isa = PBXBuildFile; fileRef = 6E580FE31801D1D9004CB802 /* NSManagedObject+CoreDataJSONCompatibility.m */; };
		6E580FEA1801E3D2004CB802 /* NSDate+ISO8601.m in Sources */ = {isa = PBXBuildFile; fileRef = 6E580FE91801E3D2004CB802 /* NSDate+ISO8601.m */; };
		6E580FED1801E6B7004CB802 /* Base64.m in Sources */ = {isa = PBXBuildFile; fileRef = 6E580FEC1801E6B7004CB802 /* Base64.m */; };
		6E580FFE180225BA004CB802 /* Post+NOResourceProtocol.m in Sources */ = {isa = PBXBuildFile; fileRef = 6E580FFD180225BA004CB802 /* Post+NOResourceProtocol.m */; };
		6EC8597C18006E8E0089F123 /* Cocoa.framework in Frameworks */ = {isa = PBXBuildFile; fileRef = 6EC8594518006E1A0089F123 /* Cocoa.framework */; };
		6EC8598218006E8E0089F123 /* InfoPlist.strings in Resources */ = {isa = PBXBuildFile; fileRef = 6EC8598018006E8E0089F123 /* InfoPlist.strings */; };
		6EC8598418006E8E0089F123 /* main.m in Sources */ = {isa = PBXBuildFile; fileRef = 6EC8598318006E8E0089F123 /* main.m */; };
		6EC8598818006E8E0089F123 /* Credits.rtf in Resources */ = {isa = PBXBuildFile; fileRef = 6EC8598618006E8E0089F123 /* Credits.rtf */; };
		6EC8598B18006E8E0089F123 /* AppDelegate.m in Sources */ = {isa = PBXBuildFile; fileRef = 6EC8598A18006E8E0089F123 /* AppDelegate.m */; };
		6EC8598E18006E8E0089F123 /* MainMenu.xib in Resources */ = {isa = PBXBuildFile; fileRef = 6EC8598C18006E8E0089F123 /* MainMenu.xib */; };
		6EC8599018006E8E0089F123 /* Images.xcassets in Resources */ = {isa = PBXBuildFile; fileRef = 6EC8598F18006E8E0089F123 /* Images.xcassets */; };
		6EC8599618006E8E0089F123 /* XCTest.framework in Frameworks */ = {isa = PBXBuildFile; fileRef = 6EC8596418006E1B0089F123 /* XCTest.framework */; };
		6EC8599718006E8E0089F123 /* Cocoa.framework in Frameworks */ = {isa = PBXBuildFile; fileRef = 6EC8594518006E1A0089F123 /* Cocoa.framework */; };
		6EC8599F18006E8E0089F123 /* InfoPlist.strings in Resources */ = {isa = PBXBuildFile; fileRef = 6EC8599D18006E8E0089F123 /* InfoPlist.strings */; };
		6EC859A118006E8E0089F123 /* NetworkObjectsOSXAppTests.m in Sources */ = {isa = PBXBuildFile; fileRef = 6EC859A018006E8E0089F123 /* NetworkObjectsOSXAppTests.m */; };
		6EC859F918006F9C0089F123 /* NOServer.m in Sources */ = {isa = PBXBuildFile; fileRef = 6EC859AE18006F9C0089F123 /* NOServer.m */; };
		6EC859FA18006F9C0089F123 /* NOStore.m in Sources */ = {isa = PBXBuildFile; fileRef = 6EC859B118006F9C0089F123 /* NOStore.m */; };
		6EC859FB18006F9C0089F123 /* DDData.m in Sources */ = {isa = PBXBuildFile; fileRef = 6EC859B818006F9C0089F123 /* DDData.m */; };
		6EC859FC18006F9C0089F123 /* DDNumber.m in Sources */ = {isa = PBXBuildFile; fileRef = 6EC859BA18006F9C0089F123 /* DDNumber.m */; };
		6EC859FD18006F9C0089F123 /* DDRange.m in Sources */ = {isa = PBXBuildFile; fileRef = 6EC859BC18006F9C0089F123 /* DDRange.m */; };
		6EC859FE18006F9C0089F123 /* DDAbstractDatabaseLogger.m in Sources */ = {isa = PBXBuildFile; fileRef = 6EC859BE18006F9C0089F123 /* DDAbstractDatabaseLogger.m */; };
		6EC859FF18006F9C0089F123 /* DDASLLogger.m in Sources */ = {isa = PBXBuildFile; fileRef = 6EC859C018006F9C0089F123 /* DDASLLogger.m */; };
		6EC85A0018006F9C0089F123 /* DDFileLogger.m in Sources */ = {isa = PBXBuildFile; fileRef = 6EC859C218006F9C0089F123 /* DDFileLogger.m */; };
		6EC85A0118006F9C0089F123 /* DDLog.m in Sources */ = {isa = PBXBuildFile; fileRef = 6EC859C418006F9C0089F123 /* DDLog.m */; };
		6EC85A0218006F9C0089F123 /* DDTTYLogger.m in Sources */ = {isa = PBXBuildFile; fileRef = 6EC859C618006F9C0089F123 /* DDTTYLogger.m */; };
		6EC85A0318006F9C0089F123 /* ContextFilterLogFormatter.m in Sources */ = {isa = PBXBuildFile; fileRef = 6EC859C918006F9C0089F123 /* ContextFilterLogFormatter.m */; };
		6EC85A0418006F9C0089F123 /* DispatchQueueLogFormatter.m in Sources */ = {isa = PBXBuildFile; fileRef = 6EC859CB18006F9C0089F123 /* DispatchQueueLogFormatter.m */; };
		6EC85A0518006F9C0089F123 /* GCDAsyncSocket.m in Sources */ = {isa = PBXBuildFile; fileRef = 6EC859CE18006F9C0089F123 /* GCDAsyncSocket.m */; };
		6EC85A0618006F9C0089F123 /* HTTPAuthenticationRequest.m in Sources */ = {isa = PBXBuildFile; fileRef = 6EC859D018006F9C0089F123 /* HTTPAuthenticationRequest.m */; };
		6EC85A0718006F9C0089F123 /* HTTPConnection.m in Sources */ = {isa = PBXBuildFile; fileRef = 6EC859D218006F9C0089F123 /* HTTPConnection.m */; };
		6EC85A0818006F9C0089F123 /* HTTPMessage.m in Sources */ = {isa = PBXBuildFile; fileRef = 6EC859D518006F9C0089F123 /* HTTPMessage.m */; };
		6EC85A0918006F9C0089F123 /* HTTPServer.m in Sources */ = {isa = PBXBuildFile; fileRef = 6EC859D818006F9C0089F123 /* HTTPServer.m */; };
		6EC85A0A18006F9C0089F123 /* MultipartFormDataParser.m in Sources */ = {isa = PBXBuildFile; fileRef = 6EC859DB18006F9C0089F123 /* MultipartFormDataParser.m */; };
		6EC85A0B18006F9C0089F123 /* MultipartMessageHeader.m in Sources */ = {isa = PBXBuildFile; fileRef = 6EC859DD18006F9C0089F123 /* MultipartMessageHeader.m */; };
		6EC85A0C18006F9C0089F123 /* MultipartMessageHeaderField.m in Sources */ = {isa = PBXBuildFile; fileRef = 6EC859DF18006F9C0089F123 /* MultipartMessageHeaderField.m */; };
		6EC85A0D18006F9C0089F123 /* HTTPAsyncFileResponse.m in Sources */ = {isa = PBXBuildFile; fileRef = 6EC859E218006F9C0089F123 /* HTTPAsyncFileResponse.m */; };
		6EC85A0E18006F9C0089F123 /* HTTPDataResponse.m in Sources */ = {isa = PBXBuildFile; fileRef = 6EC859E418006F9C0089F123 /* HTTPDataResponse.m */; };
		6EC85A0F18006F9C0089F123 /* HTTPDynamicFileResponse.m in Sources */ = {isa = PBXBuildFile; fileRef = 6EC859E618006F9C0089F123 /* HTTPDynamicFileResponse.m */; };
		6EC85A1018006F9C0089F123 /* HTTPFileResponse.m in Sources */ = {isa = PBXBuildFile; fileRef = 6EC859E818006F9C0089F123 /* HTTPFileResponse.m */; };
		6EC85A1118006F9C0089F123 /* HTTPRedirectResponse.m in Sources */ = {isa = PBXBuildFile; fileRef = 6EC859EA18006F9C0089F123 /* HTTPRedirectResponse.m */; };
		6EC85A1218006F9C0089F123 /* WebSocket.m in Sources */ = {isa = PBXBuildFile; fileRef = 6EC859EC18006F9C0089F123 /* WebSocket.m */; };
		6EC85A1318006F9C0089F123 /* HTTPResponseProxy.m in Sources */ = {isa = PBXBuildFile; fileRef = 6EC859EE18006F9C0089F123 /* HTTPResponseProxy.m */; };
		6EC85A1418006F9C0089F123 /* Route.m in Sources */ = {isa = PBXBuildFile; fileRef = 6EC859F018006F9C0089F123 /* Route.m */; };
		6EC85A1518006F9C0089F123 /* RouteRequest.m in Sources */ = {isa = PBXBuildFile; fileRef = 6EC859F218006F9C0089F123 /* RouteRequest.m */; };
		6EC85A1618006F9C0089F123 /* RouteResponse.m in Sources */ = {isa = PBXBuildFile; fileRef = 6EC859F418006F9C0089F123 /* RouteResponse.m */; };
		6EC85A1718006F9C0089F123 /* RoutingConnection.m in Sources */ = {isa = PBXBuildFile; fileRef = 6EC859F618006F9C0089F123 /* RoutingConnection.m */; };
		6EC85A1818006F9C0089F123 /* RoutingHTTPServer.m in Sources */ = {isa = PBXBuildFile; fileRef = 6EC859F818006F9C0089F123 /* RoutingHTTPServer.m */; };
/* End PBXBuildFile section */

/* Begin PBXContainerItemProxy section */
		6EC8599818006E8E0089F123 /* PBXContainerItemProxy */ = {
			isa = PBXContainerItemProxy;
			containerPortal = 6EC858E818006D7A0089F123 /* Project object */;
			proxyType = 1;
			remoteGlobalIDString = 6EC8597A18006E8D0089F123;
			remoteInfo = NetworkObjectsOSXApp;
		};
/* End PBXContainerItemProxy section */

/* Begin PBXFileReference section */
		6E2B262A18012207002B94F2 /* Security.framework */ = {isa = PBXFileReference; lastKnownFileType = wrapper.framework; name = Security.framework; path = System/Library/Frameworks/Security.framework; sourceTree = SDKROOT; };
		6E2B262D18012263002B94F2 /* Model.xcdatamodel */ = {isa = PBXFileReference; lastKnownFileType = wrapper.xcdatamodel; path = Model.xcdatamodel; sourceTree = "<group>"; };
		6E41BC201803A97A001EE0C2 /* Client.h */ = {isa = PBXFileReference; fileEncoding = 4; lastKnownFileType = sourcecode.c.h; path = Client.h; sourceTree = "<group>"; };
		6E41BC211803A97A001EE0C2 /* Client.m */ = {isa = PBXFileReference; fileEncoding = 4; lastKnownFileType = sourcecode.c.objc; path = Client.m; sourceTree = "<group>"; };
		6E41BC291803A97B001EE0C2 /* Session.h */ = {isa = PBXFileReference; fileEncoding = 4; lastKnownFileType = sourcecode.c.h; path = Session.h; sourceTree = "<group>"; };
		6E41BC2A1803A97B001EE0C2 /* Session.m */ = {isa = PBXFileReference; fileEncoding = 4; lastKnownFileType = sourcecode.c.objc; path = Session.m; sourceTree = "<group>"; };
		6E41BC2F1803AA1E001EE0C2 /* User.h */ = {isa = PBXFileReference; fileEncoding = 4; lastKnownFileType = sourcecode.c.h; path = User.h; sourceTree = "<group>"; };
		6E41BC301803AA1E001EE0C2 /* User.m */ = {isa = PBXFileReference; fileEncoding = 4; lastKnownFileType = sourcecode.c.objc; path = User.m; sourceTree = "<group>"; };
		6E41BC321803AB29001EE0C2 /* Post.h */ = {isa = PBXFileReference; fileEncoding = 4; lastKnownFileType = sourcecode.c.h; path = Post.h; sourceTree = "<group>"; };
		6E41BC331803AB29001EE0C2 /* Post.m */ = {isa = PBXFileReference; fileEncoding = 4; lastKnownFileType = sourcecode.c.objc; path = Post.m; sourceTree = "<group>"; };
		6E41BC381803B010001EE0C2 /* RouteResponse+IPAddress.h */ = {isa = PBXFileReference; fileEncoding = 4; lastKnownFileType = sourcecode.c.h; path = "RouteResponse+IPAddress.h"; sourceTree = "<group>"; };
		6E41BC391803B010001EE0C2 /* RouteResponse+IPAddress.m */ = {isa = PBXFileReference; fileEncoding = 4; lastKnownFileType = sourcecode.c.objc; path = "RouteResponse+IPAddress.m"; sourceTree = "<group>"; };
		6E580FE21801D1D9004CB802 /* NSManagedObject+CoreDataJSONCompatibility.h */ = {isa = PBXFileReference; fileEncoding = 4; lastKnownFileType = sourcecode.c.h; path = "NSManagedObject+CoreDataJSONCompatibility.h"; sourceTree = "<group>"; };
		6E580FE31801D1D9004CB802 /* NSManagedObject+CoreDataJSONCompatibility.m */ = {isa = PBXFileReference; fileEncoding = 4; lastKnownFileType = sourcecode.c.objc; path = "NSManagedObject+CoreDataJSONCompatibility.m"; sourceTree = "<group>"; };
		6E580FE71801DD38004CB802 /* NetworkObjectsOSXApp.entitlements */ = {isa = PBXFileReference; lastKnownFileType = text.xml; path = NetworkObjectsOSXApp.entitlements; sourceTree = "<group>"; };
		6E580FE81801E3D2004CB802 /* NSDate+ISO8601.h */ = {isa = PBXFileReference; fileEncoding = 4; lastKnownFileType = sourcecode.c.h; path = "NSDate+ISO8601.h"; sourceTree = "<group>"; };
		6E580FE91801E3D2004CB802 /* NSDate+ISO8601.m */ = {isa = PBXFileReference; fileEncoding = 4; lastKnownFileType = sourcecode.c.objc; path = "NSDate+ISO8601.m"; sourceTree = "<group>"; };
		6E580FEB1801E6B7004CB802 /* Base64.h */ = {isa = PBXFileReference; fileEncoding = 4; lastKnownFileType = sourcecode.c.h; path = Base64.h; sourceTree = "<group>"; };
		6E580FEC1801E6B7004CB802 /* Base64.m */ = {isa = PBXFileReference; fileEncoding = 4; lastKnownFileType = sourcecode.c.objc; path = Base64.m; sourceTree = "<group>"; };
		6E580FFC180225BA004CB802 /* Post+NOResourceProtocol.h */ = {isa = PBXFileReference; fileEncoding = 4; lastKnownFileType = sourcecode.c.h; path = "Post+NOResourceProtocol.h"; sourceTree = "<group>"; };
		6E580FFD180225BA004CB802 /* Post+NOResourceProtocol.m */ = {isa = PBXFileReference; fileEncoding = 4; lastKnownFileType = sourcecode.c.objc; path = "Post+NOResourceProtocol.m"; sourceTree = "<group>"; };
		6EC8594518006E1A0089F123 /* Cocoa.framework */ = {isa = PBXFileReference; lastKnownFileType = wrapper.framework; name = Cocoa.framework; path = System/Library/Frameworks/Cocoa.framework; sourceTree = SDKROOT; };
		6EC8594818006E1B0089F123 /* AppKit.framework */ = {isa = PBXFileReference; lastKnownFileType = wrapper.framework; name = AppKit.framework; path = System/Library/Frameworks/AppKit.framework; sourceTree = SDKROOT; };
		6EC8594918006E1B0089F123 /* CoreData.framework */ = {isa = PBXFileReference; lastKnownFileType = wrapper.framework; name = CoreData.framework; path = System/Library/Frameworks/CoreData.framework; sourceTree = SDKROOT; };
		6EC8594A18006E1B0089F123 /* Foundation.framework */ = {isa = PBXFileReference; lastKnownFileType = wrapper.framework; name = Foundation.framework; path = System/Library/Frameworks/Foundation.framework; sourceTree = SDKROOT; };
		6EC8596418006E1B0089F123 /* XCTest.framework */ = {isa = PBXFileReference; lastKnownFileType = wrapper.framework; name = XCTest.framework; path = Library/Frameworks/XCTest.framework; sourceTree = DEVELOPER_DIR; };
		6EC8597B18006E8E0089F123 /* NetworkObjectsOSXApp.app */ = {isa = PBXFileReference; explicitFileType = wrapper.application; includeInIndex = 0; path = NetworkObjectsOSXApp.app; sourceTree = BUILT_PRODUCTS_DIR; };
		6EC8597F18006E8E0089F123 /* NetworkObjectsOSXApp-Info.plist */ = {isa = PBXFileReference; lastKnownFileType = text.plist.xml; path = "NetworkObjectsOSXApp-Info.plist"; sourceTree = "<group>"; };
		6EC8598118006E8E0089F123 /* en */ = {isa = PBXFileReference; lastKnownFileType = text.plist.strings; name = en; path = en.lproj/InfoPlist.strings; sourceTree = "<group>"; };
		6EC8598318006E8E0089F123 /* main.m */ = {isa = PBXFileReference; lastKnownFileType = sourcecode.c.objc; path = main.m; sourceTree = "<group>"; };
		6EC8598518006E8E0089F123 /* NetworkObjectsOSXApp-Prefix.pch */ = {isa = PBXFileReference; lastKnownFileType = sourcecode.c.h; path = "NetworkObjectsOSXApp-Prefix.pch"; sourceTree = "<group>"; };
		6EC8598718006E8E0089F123 /* en */ = {isa = PBXFileReference; lastKnownFileType = text.rtf; name = en; path = en.lproj/Credits.rtf; sourceTree = "<group>"; };
		6EC8598918006E8E0089F123 /* AppDelegate.h */ = {isa = PBXFileReference; lastKnownFileType = sourcecode.c.h; path = AppDelegate.h; sourceTree = "<group>"; };
		6EC8598A18006E8E0089F123 /* AppDelegate.m */ = {isa = PBXFileReference; lastKnownFileType = sourcecode.c.objc; path = AppDelegate.m; sourceTree = "<group>"; };
		6EC8598D18006E8E0089F123 /* Base */ = {isa = PBXFileReference; lastKnownFileType = file.xib; name = Base; path = Base.lproj/MainMenu.xib; sourceTree = "<group>"; };
		6EC8598F18006E8E0089F123 /* Images.xcassets */ = {isa = PBXFileReference; lastKnownFileType = folder.assetcatalog; path = Images.xcassets; sourceTree = "<group>"; };
		6EC8599518006E8E0089F123 /* NetworkObjectsOSXAppTests.xctest */ = {isa = PBXFileReference; explicitFileType = wrapper.cfbundle; includeInIndex = 0; path = NetworkObjectsOSXAppTests.xctest; sourceTree = BUILT_PRODUCTS_DIR; };
		6EC8599C18006E8E0089F123 /* NetworkObjectsOSXAppTests-Info.plist */ = {isa = PBXFileReference; lastKnownFileType = text.plist.xml; path = "NetworkObjectsOSXAppTests-Info.plist"; sourceTree = "<group>"; };
		6EC8599E18006E8E0089F123 /* en */ = {isa = PBXFileReference; lastKnownFileType = text.plist.strings; name = en; path = en.lproj/InfoPlist.strings; sourceTree = "<group>"; };
		6EC859A018006E8E0089F123 /* NetworkObjectsOSXAppTests.m */ = {isa = PBXFileReference; lastKnownFileType = sourcecode.c.objc; path = NetworkObjectsOSXAppTests.m; sourceTree = "<group>"; };
		6EC859AB18006F9C0089F123 /* NOClientProtocol.h */ = {isa = PBXFileReference; fileEncoding = 4; lastKnownFileType = sourcecode.c.h; path = NOClientProtocol.h; sourceTree = "<group>"; };
		6EC859AC18006F9C0089F123 /* NOResourceProtocol.h */ = {isa = PBXFileReference; fileEncoding = 4; lastKnownFileType = sourcecode.c.h; path = NOResourceProtocol.h; sourceTree = "<group>"; };
		6EC859AD18006F9C0089F123 /* NOServer.h */ = {isa = PBXFileReference; fileEncoding = 4; lastKnownFileType = sourcecode.c.h; path = NOServer.h; sourceTree = "<group>"; };
		6EC859AE18006F9C0089F123 /* NOServer.m */ = {isa = PBXFileReference; fileEncoding = 4; lastKnownFileType = sourcecode.c.objc; path = NOServer.m; sourceTree = "<group>"; };
		6EC859AF18006F9C0089F123 /* NOSessionProtocol.h */ = {isa = PBXFileReference; fileEncoding = 4; lastKnownFileType = sourcecode.c.h; path = NOSessionProtocol.h; sourceTree = "<group>"; };
		6EC859B018006F9C0089F123 /* NOStore.h */ = {isa = PBXFileReference; fileEncoding = 4; lastKnownFileType = sourcecode.c.h; path = NOStore.h; sourceTree = "<group>"; };
		6EC859B118006F9C0089F123 /* NOStore.m */ = {isa = PBXFileReference; fileEncoding = 4; lastKnownFileType = sourcecode.c.objc; path = NOStore.m; sourceTree = "<group>"; };
		6EC859B218006F9C0089F123 /* NOUserProtocol.h */ = {isa = PBXFileReference; fileEncoding = 4; lastKnownFileType = sourcecode.c.h; path = NOUserProtocol.h; sourceTree = "<group>"; };
		6EC859B718006F9C0089F123 /* DDData.h */ = {isa = PBXFileReference; fileEncoding = 4; lastKnownFileType = sourcecode.c.h; path = DDData.h; sourceTree = "<group>"; };
		6EC859B818006F9C0089F123 /* DDData.m */ = {isa = PBXFileReference; fileEncoding = 4; lastKnownFileType = sourcecode.c.objc; path = DDData.m; sourceTree = "<group>"; };
		6EC859B918006F9C0089F123 /* DDNumber.h */ = {isa = PBXFileReference; fileEncoding = 4; lastKnownFileType = sourcecode.c.h; path = DDNumber.h; sourceTree = "<group>"; };
		6EC859BA18006F9C0089F123 /* DDNumber.m */ = {isa = PBXFileReference; fileEncoding = 4; lastKnownFileType = sourcecode.c.objc; path = DDNumber.m; sourceTree = "<group>"; };
		6EC859BB18006F9C0089F123 /* DDRange.h */ = {isa = PBXFileReference; fileEncoding = 4; lastKnownFileType = sourcecode.c.h; path = DDRange.h; sourceTree = "<group>"; };
		6EC859BC18006F9C0089F123 /* DDRange.m */ = {isa = PBXFileReference; fileEncoding = 4; lastKnownFileType = sourcecode.c.objc; path = DDRange.m; sourceTree = "<group>"; };
		6EC859BD18006F9C0089F123 /* DDAbstractDatabaseLogger.h */ = {isa = PBXFileReference; fileEncoding = 4; lastKnownFileType = sourcecode.c.h; path = DDAbstractDatabaseLogger.h; sourceTree = "<group>"; };
		6EC859BE18006F9C0089F123 /* DDAbstractDatabaseLogger.m */ = {isa = PBXFileReference; fileEncoding = 4; lastKnownFileType = sourcecode.c.objc; path = DDAbstractDatabaseLogger.m; sourceTree = "<group>"; };
		6EC859BF18006F9C0089F123 /* DDASLLogger.h */ = {isa = PBXFileReference; fileEncoding = 4; lastKnownFileType = sourcecode.c.h; path = DDASLLogger.h; sourceTree = "<group>"; };
		6EC859C018006F9C0089F123 /* DDASLLogger.m */ = {isa = PBXFileReference; fileEncoding = 4; lastKnownFileType = sourcecode.c.objc; path = DDASLLogger.m; sourceTree = "<group>"; };
		6EC859C118006F9C0089F123 /* DDFileLogger.h */ = {isa = PBXFileReference; fileEncoding = 4; lastKnownFileType = sourcecode.c.h; path = DDFileLogger.h; sourceTree = "<group>"; };
		6EC859C218006F9C0089F123 /* DDFileLogger.m */ = {isa = PBXFileReference; fileEncoding = 4; lastKnownFileType = sourcecode.c.objc; path = DDFileLogger.m; sourceTree = "<group>"; };
		6EC859C318006F9C0089F123 /* DDLog.h */ = {isa = PBXFileReference; fileEncoding = 4; lastKnownFileType = sourcecode.c.h; path = DDLog.h; sourceTree = "<group>"; };
		6EC859C418006F9C0089F123 /* DDLog.m */ = {isa = PBXFileReference; fileEncoding = 4; lastKnownFileType = sourcecode.c.objc; path = DDLog.m; sourceTree = "<group>"; };
		6EC859C518006F9C0089F123 /* DDTTYLogger.h */ = {isa = PBXFileReference; fileEncoding = 4; lastKnownFileType = sourcecode.c.h; path = DDTTYLogger.h; sourceTree = "<group>"; };
		6EC859C618006F9C0089F123 /* DDTTYLogger.m */ = {isa = PBXFileReference; fileEncoding = 4; lastKnownFileType = sourcecode.c.objc; path = DDTTYLogger.m; sourceTree = "<group>"; };
		6EC859C818006F9C0089F123 /* ContextFilterLogFormatter.h */ = {isa = PBXFileReference; fileEncoding = 4; lastKnownFileType = sourcecode.c.h; path = ContextFilterLogFormatter.h; sourceTree = "<group>"; };
		6EC859C918006F9C0089F123 /* ContextFilterLogFormatter.m */ = {isa = PBXFileReference; fileEncoding = 4; lastKnownFileType = sourcecode.c.objc; path = ContextFilterLogFormatter.m; sourceTree = "<group>"; };
		6EC859CA18006F9C0089F123 /* DispatchQueueLogFormatter.h */ = {isa = PBXFileReference; fileEncoding = 4; lastKnownFileType = sourcecode.c.h; path = DispatchQueueLogFormatter.h; sourceTree = "<group>"; };
		6EC859CB18006F9C0089F123 /* DispatchQueueLogFormatter.m */ = {isa = PBXFileReference; fileEncoding = 4; lastKnownFileType = sourcecode.c.objc; path = DispatchQueueLogFormatter.m; sourceTree = "<group>"; };
		6EC859CD18006F9C0089F123 /* GCDAsyncSocket.h */ = {isa = PBXFileReference; fileEncoding = 4; lastKnownFileType = sourcecode.c.h; path = GCDAsyncSocket.h; sourceTree = "<group>"; };
		6EC859CE18006F9C0089F123 /* GCDAsyncSocket.m */ = {isa = PBXFileReference; fileEncoding = 4; lastKnownFileType = sourcecode.c.objc; path = GCDAsyncSocket.m; sourceTree = "<group>"; };
		6EC859CF18006F9C0089F123 /* HTTPAuthenticationRequest.h */ = {isa = PBXFileReference; fileEncoding = 4; lastKnownFileType = sourcecode.c.h; path = HTTPAuthenticationRequest.h; sourceTree = "<group>"; };
		6EC859D018006F9C0089F123 /* HTTPAuthenticationRequest.m */ = {isa = PBXFileReference; fileEncoding = 4; lastKnownFileType = sourcecode.c.objc; path = HTTPAuthenticationRequest.m; sourceTree = "<group>"; };
		6EC859D118006F9C0089F123 /* HTTPConnection.h */ = {isa = PBXFileReference; fileEncoding = 4; lastKnownFileType = sourcecode.c.h; path = HTTPConnection.h; sourceTree = "<group>"; };
		6EC859D218006F9C0089F123 /* HTTPConnection.m */ = {isa = PBXFileReference; fileEncoding = 4; lastKnownFileType = sourcecode.c.objc; path = HTTPConnection.m; sourceTree = "<group>"; };
		6EC859D318006F9C0089F123 /* HTTPLogging.h */ = {isa = PBXFileReference; fileEncoding = 4; lastKnownFileType = sourcecode.c.h; path = HTTPLogging.h; sourceTree = "<group>"; };
		6EC859D418006F9C0089F123 /* HTTPMessage.h */ = {isa = PBXFileReference; fileEncoding = 4; lastKnownFileType = sourcecode.c.h; path = HTTPMessage.h; sourceTree = "<group>"; };
		6EC859D518006F9C0089F123 /* HTTPMessage.m */ = {isa = PBXFileReference; fileEncoding = 4; lastKnownFileType = sourcecode.c.objc; path = HTTPMessage.m; sourceTree = "<group>"; };
		6EC859D618006F9C0089F123 /* HTTPResponse.h */ = {isa = PBXFileReference; fileEncoding = 4; lastKnownFileType = sourcecode.c.h; path = HTTPResponse.h; sourceTree = "<group>"; };
		6EC859D718006F9C0089F123 /* HTTPServer.h */ = {isa = PBXFileReference; fileEncoding = 4; lastKnownFileType = sourcecode.c.h; path = HTTPServer.h; sourceTree = "<group>"; };
		6EC859D818006F9C0089F123 /* HTTPServer.m */ = {isa = PBXFileReference; fileEncoding = 4; lastKnownFileType = sourcecode.c.objc; path = HTTPServer.m; sourceTree = "<group>"; };
		6EC859DA18006F9C0089F123 /* MultipartFormDataParser.h */ = {isa = PBXFileReference; fileEncoding = 4; lastKnownFileType = sourcecode.c.h; path = MultipartFormDataParser.h; sourceTree = "<group>"; };
		6EC859DB18006F9C0089F123 /* MultipartFormDataParser.m */ = {isa = PBXFileReference; fileEncoding = 4; lastKnownFileType = sourcecode.c.objc; path = MultipartFormDataParser.m; sourceTree = "<group>"; };
		6EC859DC18006F9C0089F123 /* MultipartMessageHeader.h */ = {isa = PBXFileReference; fileEncoding = 4; lastKnownFileType = sourcecode.c.h; path = MultipartMessageHeader.h; sourceTree = "<group>"; };
		6EC859DD18006F9C0089F123 /* MultipartMessageHeader.m */ = {isa = PBXFileReference; fileEncoding = 4; lastKnownFileType = sourcecode.c.objc; path = MultipartMessageHeader.m; sourceTree = "<group>"; };
		6EC859DE18006F9C0089F123 /* MultipartMessageHeaderField.h */ = {isa = PBXFileReference; fileEncoding = 4; lastKnownFileType = sourcecode.c.h; path = MultipartMessageHeaderField.h; sourceTree = "<group>"; };
		6EC859DF18006F9C0089F123 /* MultipartMessageHeaderField.m */ = {isa = PBXFileReference; fileEncoding = 4; lastKnownFileType = sourcecode.c.objc; path = MultipartMessageHeaderField.m; sourceTree = "<group>"; };
		6EC859E118006F9C0089F123 /* HTTPAsyncFileResponse.h */ = {isa = PBXFileReference; fileEncoding = 4; lastKnownFileType = sourcecode.c.h; path = HTTPAsyncFileResponse.h; sourceTree = "<group>"; };
		6EC859E218006F9C0089F123 /* HTTPAsyncFileResponse.m */ = {isa = PBXFileReference; fileEncoding = 4; lastKnownFileType = sourcecode.c.objc; path = HTTPAsyncFileResponse.m; sourceTree = "<group>"; };
		6EC859E318006F9C0089F123 /* HTTPDataResponse.h */ = {isa = PBXFileReference; fileEncoding = 4; lastKnownFileType = sourcecode.c.h; path = HTTPDataResponse.h; sourceTree = "<group>"; };
		6EC859E418006F9C0089F123 /* HTTPDataResponse.m */ = {isa = PBXFileReference; fileEncoding = 4; lastKnownFileType = sourcecode.c.objc; path = HTTPDataResponse.m; sourceTree = "<group>"; };
		6EC859E518006F9C0089F123 /* HTTPDynamicFileResponse.h */ = {isa = PBXFileReference; fileEncoding = 4; lastKnownFileType = sourcecode.c.h; path = HTTPDynamicFileResponse.h; sourceTree = "<group>"; };
		6EC859E618006F9C0089F123 /* HTTPDynamicFileResponse.m */ = {isa = PBXFileReference; fileEncoding = 4; lastKnownFileType = sourcecode.c.objc; path = HTTPDynamicFileResponse.m; sourceTree = "<group>"; };
		6EC859E718006F9C0089F123 /* HTTPFileResponse.h */ = {isa = PBXFileReference; fileEncoding = 4; lastKnownFileType = sourcecode.c.h; path = HTTPFileResponse.h; sourceTree = "<group>"; };
		6EC859E818006F9C0089F123 /* HTTPFileResponse.m */ = {isa = PBXFileReference; fileEncoding = 4; lastKnownFileType = sourcecode.c.objc; path = HTTPFileResponse.m; sourceTree = "<group>"; };
		6EC859E918006F9C0089F123 /* HTTPRedirectResponse.h */ = {isa = PBXFileReference; fileEncoding = 4; lastKnownFileType = sourcecode.c.h; path = HTTPRedirectResponse.h; sourceTree = "<group>"; };
		6EC859EA18006F9C0089F123 /* HTTPRedirectResponse.m */ = {isa = PBXFileReference; fileEncoding = 4; lastKnownFileType = sourcecode.c.objc; path = HTTPRedirectResponse.m; sourceTree = "<group>"; };
		6EC859EB18006F9C0089F123 /* WebSocket.h */ = {isa = PBXFileReference; fileEncoding = 4; lastKnownFileType = sourcecode.c.h; path = WebSocket.h; sourceTree = "<group>"; };
		6EC859EC18006F9C0089F123 /* WebSocket.m */ = {isa = PBXFileReference; fileEncoding = 4; lastKnownFileType = sourcecode.c.objc; path = WebSocket.m; sourceTree = "<group>"; };
		6EC859ED18006F9C0089F123 /* HTTPResponseProxy.h */ = {isa = PBXFileReference; fileEncoding = 4; lastKnownFileType = sourcecode.c.h; path = HTTPResponseProxy.h; sourceTree = "<group>"; };
		6EC859EE18006F9C0089F123 /* HTTPResponseProxy.m */ = {isa = PBXFileReference; fileEncoding = 4; lastKnownFileType = sourcecode.c.objc; path = HTTPResponseProxy.m; sourceTree = "<group>"; };
		6EC859EF18006F9C0089F123 /* Route.h */ = {isa = PBXFileReference; fileEncoding = 4; lastKnownFileType = sourcecode.c.h; path = Route.h; sourceTree = "<group>"; };
		6EC859F018006F9C0089F123 /* Route.m */ = {isa = PBXFileReference; fileEncoding = 4; lastKnownFileType = sourcecode.c.objc; path = Route.m; sourceTree = "<group>"; };
		6EC859F118006F9C0089F123 /* RouteRequest.h */ = {isa = PBXFileReference; fileEncoding = 4; lastKnownFileType = sourcecode.c.h; path = RouteRequest.h; sourceTree = "<group>"; };
		6EC859F218006F9C0089F123 /* RouteRequest.m */ = {isa = PBXFileReference; fileEncoding = 4; lastKnownFileType = sourcecode.c.objc; path = RouteRequest.m; sourceTree = "<group>"; };
		6EC859F318006F9C0089F123 /* RouteResponse.h */ = {isa = PBXFileReference; fileEncoding = 4; lastKnownFileType = sourcecode.c.h; path = RouteResponse.h; sourceTree = "<group>"; };
		6EC859F418006F9C0089F123 /* RouteResponse.m */ = {isa = PBXFileReference; fileEncoding = 4; lastKnownFileType = sourcecode.c.objc; path = RouteResponse.m; sourceTree = "<group>"; };
		6EC859F518006F9C0089F123 /* RoutingConnection.h */ = {isa = PBXFileReference; fileEncoding = 4; lastKnownFileType = sourcecode.c.h; path = RoutingConnection.h; sourceTree = "<group>"; };
		6EC859F618006F9C0089F123 /* RoutingConnection.m */ = {isa = PBXFileReference; fileEncoding = 4; lastKnownFileType = sourcecode.c.objc; path = RoutingConnection.m; sourceTree = "<group>"; };
		6EC859F718006F9C0089F123 /* RoutingHTTPServer.h */ = {isa = PBXFileReference; fileEncoding = 4; lastKnownFileType = sourcecode.c.h; path = RoutingHTTPServer.h; sourceTree = "<group>"; };
		6EC859F818006F9C0089F123 /* RoutingHTTPServer.m */ = {isa = PBXFileReference; fileEncoding = 4; lastKnownFileType = sourcecode.c.objc; path = RoutingHTTPServer.m; sourceTree = "<group>"; };
		6EC85A1918006FE50089F123 /* NetworkObjects.h */ = {isa = PBXFileReference; fileEncoding = 4; lastKnownFileType = sourcecode.c.h; path = NetworkObjects.h; sourceTree = "<group>"; };
/* End PBXFileReference section */

/* Begin PBXFrameworksBuildPhase section */
		6EC8597818006E8D0089F123 /* Frameworks */ = {
			isa = PBXFrameworksBuildPhase;
			buildActionMask = 2147483647;
			files = (
				6E2B262B18012207002B94F2 /* Security.framework in Frameworks */,
				6EC8597C18006E8E0089F123 /* Cocoa.framework in Frameworks */,
			);
			runOnlyForDeploymentPostprocessing = 0;
		};
		6EC8599218006E8E0089F123 /* Frameworks */ = {
			isa = PBXFrameworksBuildPhase;
			buildActionMask = 2147483647;
			files = (
				6EC8599718006E8E0089F123 /* Cocoa.framework in Frameworks */,
				6EC8599618006E8E0089F123 /* XCTest.framework in Frameworks */,
			);
			runOnlyForDeploymentPostprocessing = 0;
		};
/* End PBXFrameworksBuildPhase section */

/* Begin PBXGroup section */
		6E2B262718009429002B94F2 /* Controllers */ = {
			isa = PBXGroup;
			children = (
				6EC859B318006F9C0089F123 /* RoutingHTTPServer */,
				6EC859AD18006F9C0089F123 /* NOServer.h */,
				6EC859AE18006F9C0089F123 /* NOServer.m */,
			);
			name = Controllers;
			sourceTree = "<group>";
		};
		6E2B262818009430002B94F2 /* Stores */ = {
			isa = PBXGroup;
			children = (
				6EC859B018006F9C0089F123 /* NOStore.h */,
				6EC859B118006F9C0089F123 /* NOStore.m */,
			);
			name = Stores;
			sourceTree = "<group>";
		};
		6E2B26291800943B002B94F2 /* Models */ = {
			isa = PBXGroup;
			children = (
				6E580FE61801D1E8004CB802 /* Protocols */,
				6E580FE51801D1DE004CB802 /* Categories */,
			);
			name = Models;
			sourceTree = "<group>";
		};
		6E41BC3B1803B01B001EE0C2 /* Categories */ = {
			isa = PBXGroup;
			children = (
				6E41BC381803B010001EE0C2 /* RouteResponse+IPAddress.h */,
				6E41BC391803B010001EE0C2 /* RouteResponse+IPAddress.m */,
			);
			name = Categories;
			path = ..;
			sourceTree = "<group>";
		};
		6E580FE51801D1DE004CB802 /* Categories */ = {
			isa = PBXGroup;
			children = (
				6E580FE21801D1D9004CB802 /* NSManagedObject+CoreDataJSONCompatibility.h */,
				6E580FE31801D1D9004CB802 /* NSManagedObject+CoreDataJSONCompatibility.m */,
				6E580FEB1801E6B7004CB802 /* Base64.h */,
				6E580FEC1801E6B7004CB802 /* Base64.m */,
				6E580FE81801E3D2004CB802 /* NSDate+ISO8601.h */,
				6E580FE91801E3D2004CB802 /* NSDate+ISO8601.m */,
			);
			name = Categories;
			sourceTree = "<group>";
		};
		6E580FE61801D1E8004CB802 /* Protocols */ = {
			isa = PBXGroup;
			children = (
				6EC859AC18006F9C0089F123 /* NOResourceProtocol.h */,
				6EC859AF18006F9C0089F123 /* NOSessionProtocol.h */,
				6EC859B218006F9C0089F123 /* NOUserProtocol.h */,
				6EC859AB18006F9C0089F123 /* NOClientProtocol.h */,
			);
			name = Protocols;
			sourceTree = "<group>";
		};
		6E580FEE18022395004CB802 /* Models */ = {
			isa = PBXGroup;
			children = (
				6E41BC321803AB29001EE0C2 /* Post.h */,
				6E41BC331803AB29001EE0C2 /* Post.m */,
				6E41BC2F1803AA1E001EE0C2 /* User.h */,
				6E41BC301803AA1E001EE0C2 /* User.m */,
				6E41BC291803A97B001EE0C2 /* Session.h */,
				6E41BC2A1803A97B001EE0C2 /* Session.m */,
				6E41BC201803A97A001EE0C2 /* Client.h */,
				6E41BC211803A97A001EE0C2 /* Client.m */,
				6E580FFB18022582004CB802 /* Categories */,
			);
			name = Models;
			sourceTree = "<group>";
		};
		6E580FFB18022582004CB802 /* Categories */ = {
			isa = PBXGroup;
			children = (
				6E580FFC180225BA004CB802 /* Post+NOResourceProtocol.h */,
				6E580FFD180225BA004CB802 /* Post+NOResourceProtocol.m */,
			);
			name = Categories;
			sourceTree = "<group>";
		};
		6EC858E718006D7A0089F123 = {
			isa = PBXGroup;
			children = (
				6EC859AA18006F9C0089F123 /* NetworkObjects */,
				6EC8597D18006E8E0089F123 /* NetworkObjectsOSXApp */,
				6EC8599A18006E8E0089F123 /* NetworkObjectsOSXAppTests */,
				6EC8594418006E1A0089F123 /* Frameworks */,
				6EC8594318006E1A0089F123 /* Products */,
			);
			sourceTree = "<group>";
		};
		6EC8594318006E1A0089F123 /* Products */ = {
			isa = PBXGroup;
			children = (
				6EC8597B18006E8E0089F123 /* NetworkObjectsOSXApp.app */,
				6EC8599518006E8E0089F123 /* NetworkObjectsOSXAppTests.xctest */,
			);
			name = Products;
			sourceTree = "<group>";
		};
		6EC8594418006E1A0089F123 /* Frameworks */ = {
			isa = PBXGroup;
			children = (
				6E2B262A18012207002B94F2 /* Security.framework */,
				6EC8594518006E1A0089F123 /* Cocoa.framework */,
				6EC8596418006E1B0089F123 /* XCTest.framework */,
				6EC8594718006E1B0089F123 /* Other Frameworks */,
			);
			name = Frameworks;
			sourceTree = "<group>";
		};
		6EC8594718006E1B0089F123 /* Other Frameworks */ = {
			isa = PBXGroup;
			children = (
				6EC8594818006E1B0089F123 /* AppKit.framework */,
				6EC8594918006E1B0089F123 /* CoreData.framework */,
				6EC8594A18006E1B0089F123 /* Foundation.framework */,
			);
			name = "Other Frameworks";
			sourceTree = "<group>";
		};
		6EC8597D18006E8E0089F123 /* NetworkObjectsOSXApp */ = {
			isa = PBXGroup;
			children = (
				6EC8598918006E8E0089F123 /* AppDelegate.h */,
				6EC8598A18006E8E0089F123 /* AppDelegate.m */,
				6EC8598C18006E8E0089F123 /* MainMenu.xib */,
				6E2B262C18012263002B94F2 /* Model.xcdatamodeld */,
				6EC8598F18006E8E0089F123 /* Images.xcassets */,
				6E580FEE18022395004CB802 /* Models */,
				6EC8597E18006E8E0089F123 /* Supporting Files */,
			);
			path = NetworkObjectsOSXApp;
			sourceTree = "<group>";
		};
		6EC8597E18006E8E0089F123 /* Supporting Files */ = {
			isa = PBXGroup;
			children = (
				6E580FE71801DD38004CB802 /* NetworkObjectsOSXApp.entitlements */,
				6EC8597F18006E8E0089F123 /* NetworkObjectsOSXApp-Info.plist */,
				6EC8598018006E8E0089F123 /* InfoPlist.strings */,
				6EC8598318006E8E0089F123 /* main.m */,
				6EC8598518006E8E0089F123 /* NetworkObjectsOSXApp-Prefix.pch */,
				6EC8598618006E8E0089F123 /* Credits.rtf */,
			);
			name = "Supporting Files";
			sourceTree = "<group>";
		};
		6EC8599A18006E8E0089F123 /* NetworkObjectsOSXAppTests */ = {
			isa = PBXGroup;
			children = (
				6EC859A018006E8E0089F123 /* NetworkObjectsOSXAppTests.m */,
				6EC8599B18006E8E0089F123 /* Supporting Files */,
			);
			path = NetworkObjectsOSXAppTests;
			sourceTree = "<group>";
		};
		6EC8599B18006E8E0089F123 /* Supporting Files */ = {
			isa = PBXGroup;
			children = (
				6EC8599C18006E8E0089F123 /* NetworkObjectsOSXAppTests-Info.plist */,
				6EC8599D18006E8E0089F123 /* InfoPlist.strings */,
			);
			name = "Supporting Files";
			sourceTree = "<group>";
		};
		6EC859AA18006F9C0089F123 /* NetworkObjects */ = {
			isa = PBXGroup;
			children = (
				6EC85A1918006FE50089F123 /* NetworkObjects.h */,
				6E2B262718009429002B94F2 /* Controllers */,
				6E2B262818009430002B94F2 /* Stores */,
				6E2B26291800943B002B94F2 /* Models */,
			);
			path = NetworkObjects;
			sourceTree = "<group>";
		};
		6EC859B318006F9C0089F123 /* RoutingHTTPServer */ = {
			isa = PBXGroup;
			children = (
				6EC859B418006F9C0089F123 /* CocoaHTTPServer */,
				6EC859ED18006F9C0089F123 /* HTTPResponseProxy.h */,
				6EC859EE18006F9C0089F123 /* HTTPResponseProxy.m */,
				6EC859EF18006F9C0089F123 /* Route.h */,
				6EC859F018006F9C0089F123 /* Route.m */,
				6EC859F118006F9C0089F123 /* RouteRequest.h */,
				6EC859F218006F9C0089F123 /* RouteRequest.m */,
				6EC859F318006F9C0089F123 /* RouteResponse.h */,
				6EC859F418006F9C0089F123 /* RouteResponse.m */,
				6EC859F518006F9C0089F123 /* RoutingConnection.h */,
				6EC859F618006F9C0089F123 /* RoutingConnection.m */,
				6EC859F718006F9C0089F123 /* RoutingHTTPServer.h */,
				6EC859F818006F9C0089F123 /* RoutingHTTPServer.m */,
				6E41BC3B1803B01B001EE0C2 /* Categories */,
			);
			path = RoutingHTTPServer;
			sourceTree = "<group>";
		};
		6EC859B418006F9C0089F123 /* CocoaHTTPServer */ = {
			isa = PBXGroup;
			children = (
				6EC859B518006F9C0089F123 /* CocoaLumberjack */,
				6EC859CC18006F9C0089F123 /* GCDAsyncSocket */,
				6EC859CF18006F9C0089F123 /* HTTPAuthenticationRequest.h */,
				6EC859D018006F9C0089F123 /* HTTPAuthenticationRequest.m */,
				6EC859D118006F9C0089F123 /* HTTPConnection.h */,
				6EC859D218006F9C0089F123 /* HTTPConnection.m */,
				6EC859D318006F9C0089F123 /* HTTPLogging.h */,
				6EC859D418006F9C0089F123 /* HTTPMessage.h */,
				6EC859D518006F9C0089F123 /* HTTPMessage.m */,
				6EC859D618006F9C0089F123 /* HTTPResponse.h */,
				6EC859D718006F9C0089F123 /* HTTPServer.h */,
				6EC859D818006F9C0089F123 /* HTTPServer.m */,
				6EC859D918006F9C0089F123 /* Mime */,
				6EC859E018006F9C0089F123 /* Responses */,
				6EC859EB18006F9C0089F123 /* WebSocket.h */,
				6EC859EC18006F9C0089F123 /* WebSocket.m */,
			);
			path = CocoaHTTPServer;
			sourceTree = "<group>";
		};
		6EC859B518006F9C0089F123 /* CocoaLumberjack */ = {
			isa = PBXGroup;
			children = (
				6EC859B618006F9C0089F123 /* Categories */,
				6EC859BD18006F9C0089F123 /* DDAbstractDatabaseLogger.h */,
				6EC859BE18006F9C0089F123 /* DDAbstractDatabaseLogger.m */,
				6EC859BF18006F9C0089F123 /* DDASLLogger.h */,
				6EC859C018006F9C0089F123 /* DDASLLogger.m */,
				6EC859C118006F9C0089F123 /* DDFileLogger.h */,
				6EC859C218006F9C0089F123 /* DDFileLogger.m */,
				6EC859C318006F9C0089F123 /* DDLog.h */,
				6EC859C418006F9C0089F123 /* DDLog.m */,
				6EC859C518006F9C0089F123 /* DDTTYLogger.h */,
				6EC859C618006F9C0089F123 /* DDTTYLogger.m */,
				6EC859C718006F9C0089F123 /* Extensions */,
			);
			path = CocoaLumberjack;
			sourceTree = "<group>";
		};
		6EC859B618006F9C0089F123 /* Categories */ = {
			isa = PBXGroup;
			children = (
				6EC859B718006F9C0089F123 /* DDData.h */,
				6EC859B818006F9C0089F123 /* DDData.m */,
				6EC859B918006F9C0089F123 /* DDNumber.h */,
				6EC859BA18006F9C0089F123 /* DDNumber.m */,
				6EC859BB18006F9C0089F123 /* DDRange.h */,
				6EC859BC18006F9C0089F123 /* DDRange.m */,
			);
			path = Categories;
			sourceTree = "<group>";
		};
		6EC859C718006F9C0089F123 /* Extensions */ = {
			isa = PBXGroup;
			children = (
				6EC859C818006F9C0089F123 /* ContextFilterLogFormatter.h */,
				6EC859C918006F9C0089F123 /* ContextFilterLogFormatter.m */,
				6EC859CA18006F9C0089F123 /* DispatchQueueLogFormatter.h */,
				6EC859CB18006F9C0089F123 /* DispatchQueueLogFormatter.m */,
			);
			path = Extensions;
			sourceTree = "<group>";
		};
		6EC859CC18006F9C0089F123 /* GCDAsyncSocket */ = {
			isa = PBXGroup;
			children = (
				6EC859CD18006F9C0089F123 /* GCDAsyncSocket.h */,
				6EC859CE18006F9C0089F123 /* GCDAsyncSocket.m */,
			);
			path = GCDAsyncSocket;
			sourceTree = "<group>";
		};
		6EC859D918006F9C0089F123 /* Mime */ = {
			isa = PBXGroup;
			children = (
				6EC859DA18006F9C0089F123 /* MultipartFormDataParser.h */,
				6EC859DB18006F9C0089F123 /* MultipartFormDataParser.m */,
				6EC859DC18006F9C0089F123 /* MultipartMessageHeader.h */,
				6EC859DD18006F9C0089F123 /* MultipartMessageHeader.m */,
				6EC859DE18006F9C0089F123 /* MultipartMessageHeaderField.h */,
				6EC859DF18006F9C0089F123 /* MultipartMessageHeaderField.m */,
			);
			path = Mime;
			sourceTree = "<group>";
		};
		6EC859E018006F9C0089F123 /* Responses */ = {
			isa = PBXGroup;
			children = (
				6EC859E118006F9C0089F123 /* HTTPAsyncFileResponse.h */,
				6EC859E218006F9C0089F123 /* HTTPAsyncFileResponse.m */,
				6EC859E318006F9C0089F123 /* HTTPDataResponse.h */,
				6EC859E418006F9C0089F123 /* HTTPDataResponse.m */,
				6EC859E518006F9C0089F123 /* HTTPDynamicFileResponse.h */,
				6EC859E618006F9C0089F123 /* HTTPDynamicFileResponse.m */,
				6EC859E718006F9C0089F123 /* HTTPFileResponse.h */,
				6EC859E818006F9C0089F123 /* HTTPFileResponse.m */,
				6EC859E918006F9C0089F123 /* HTTPRedirectResponse.h */,
				6EC859EA18006F9C0089F123 /* HTTPRedirectResponse.m */,
			);
			path = Responses;
			sourceTree = "<group>";
		};
/* End PBXGroup section */

/* Begin PBXNativeTarget section */
		6EC8597A18006E8D0089F123 /* NetworkObjectsOSXApp */ = {
			isa = PBXNativeTarget;
			buildConfigurationList = 6EC859A218006E8E0089F123 /* Build configuration list for PBXNativeTarget "NetworkObjectsOSXApp" */;
			buildPhases = (
				6EC8597718006E8D0089F123 /* Sources */,
				6EC8597818006E8D0089F123 /* Frameworks */,
				6EC8597918006E8D0089F123 /* Resources */,
			);
			buildRules = (
			);
			dependencies = (
			);
			name = NetworkObjectsOSXApp;
			productName = NetworkObjectsOSXApp;
			productReference = 6EC8597B18006E8E0089F123 /* NetworkObjectsOSXApp.app */;
			productType = "com.apple.product-type.application";
		};
		6EC8599418006E8E0089F123 /* NetworkObjectsOSXAppTests */ = {
			isa = PBXNativeTarget;
			buildConfigurationList = 6EC859A518006E8E0089F123 /* Build configuration list for PBXNativeTarget "NetworkObjectsOSXAppTests" */;
			buildPhases = (
				6EC8599118006E8E0089F123 /* Sources */,
				6EC8599218006E8E0089F123 /* Frameworks */,
				6EC8599318006E8E0089F123 /* Resources */,
			);
			buildRules = (
			);
			dependencies = (
				6EC8599918006E8E0089F123 /* PBXTargetDependency */,
			);
			name = NetworkObjectsOSXAppTests;
			productName = NetworkObjectsOSXAppTests;
			productReference = 6EC8599518006E8E0089F123 /* NetworkObjectsOSXAppTests.xctest */;
			productType = "com.apple.product-type.bundle.unit-test";
		};
/* End PBXNativeTarget section */

/* Begin PBXProject section */
		6EC858E818006D7A0089F123 /* Project object */ = {
			isa = PBXProject;
			attributes = {
				CLASSPREFIX = "";
				LastUpgradeCheck = 0500;
				ORGANIZATIONNAME = CDA;
				TargetAttributes = {
					6EC8597A18006E8D0089F123 = {
						SystemCapabilities = {
							com.apple.Sandbox = {
								enabled = 1;
							};
						};
					};
					6EC8599418006E8E0089F123 = {
						TestTargetID = 6EC8597A18006E8D0089F123;
					};
				};
			};
			buildConfigurationList = 6EC858EB18006D7A0089F123 /* Build configuration list for PBXProject "NetworkObjects" */;
			compatibilityVersion = "Xcode 3.2";
			developmentRegion = English;
			hasScannedForEncodings = 0;
			knownRegions = (
				en,
				Base,
			);
			mainGroup = 6EC858E718006D7A0089F123;
			productRefGroup = 6EC8594318006E1A0089F123 /* Products */;
			projectDirPath = "";
			projectRoot = "";
			targets = (
				6EC8597A18006E8D0089F123 /* NetworkObjectsOSXApp */,
				6EC8599418006E8E0089F123 /* NetworkObjectsOSXAppTests */,
			);
		};
/* End PBXProject section */

/* Begin PBXResourcesBuildPhase section */
		6EC8597918006E8D0089F123 /* Resources */ = {
			isa = PBXResourcesBuildPhase;
			buildActionMask = 2147483647;
			files = (
				6EC8598218006E8E0089F123 /* InfoPlist.strings in Resources */,
				6EC8599018006E8E0089F123 /* Images.xcassets in Resources */,
				6EC8598818006E8E0089F123 /* Credits.rtf in Resources */,
				6EC8598E18006E8E0089F123 /* MainMenu.xib in Resources */,
			);
			runOnlyForDeploymentPostprocessing = 0;
		};
		6EC8599318006E8E0089F123 /* Resources */ = {
			isa = PBXResourcesBuildPhase;
			buildActionMask = 2147483647;
			files = (
				6EC8599F18006E8E0089F123 /* InfoPlist.strings in Resources */,
			);
			runOnlyForDeploymentPostprocessing = 0;
		};
/* End PBXResourcesBuildPhase section */

/* Begin PBXSourcesBuildPhase section */
		6EC8597718006E8D0089F123 /* Sources */ = {
			isa = PBXSourcesBuildPhase;
			buildActionMask = 2147483647;
			files = (
				6EC85A1318006F9C0089F123 /* HTTPResponseProxy.m in Sources */,
				6EC859F918006F9C0089F123 /* NOServer.m in Sources */,
				6EC85A0D18006F9C0089F123 /* HTTPAsyncFileResponse.m in Sources */,
				6EC85A0F18006F9C0089F123 /* HTTPDynamicFileResponse.m in Sources */,
				6EC85A0818006F9C0089F123 /* HTTPMessage.m in Sources */,
				6EC85A1818006F9C0089F123 /* RoutingHTTPServer.m in Sources */,
				6EC85A0718006F9C0089F123 /* HTTPConnection.m in Sources */,
				6EC8598B18006E8E0089F123 /* AppDelegate.m in Sources */,
				6E41BC311803AA1E001EE0C2 /* User.m in Sources */,
				6E41BC2B1803A97B001EE0C2 /* Session.m in Sources */,
				6EC85A1018006F9C0089F123 /* HTTPFileResponse.m in Sources */,
				6EC85A1618006F9C0089F123 /* RouteResponse.m in Sources */,
				6EC859FD18006F9C0089F123 /* DDRange.m in Sources */,
				6EC85A1118006F9C0089F123 /* HTTPRedirectResponse.m in Sources */,
				6EC85A1518006F9C0089F123 /* RouteRequest.m in Sources */,
				6EC859FC18006F9C0089F123 /* DDNumber.m in Sources */,
				6EC85A0B18006F9C0089F123 /* MultipartMessageHeader.m in Sources */,
				6EC859FA18006F9C0089F123 /* NOStore.m in Sources */,
				6EC85A0118006F9C0089F123 /* DDLog.m in Sources */,
				6E2B262E18012263002B94F2 /* Model.xcdatamodeld in Sources */,
				6E41BC3A1803B010001EE0C2 /* RouteResponse+IPAddress.m in Sources */,
				6EC85A0918006F9C0089F123 /* HTTPServer.m in Sources */,
				6EC85A1418006F9C0089F123 /* Route.m in Sources */,
				6EC85A0A18006F9C0089F123 /* MultipartFormDataParser.m in Sources */,
				6EC85A0518006F9C0089F123 /* GCDAsyncSocket.m in Sources */,
				6E41BC341803AB29001EE0C2 /* Post.m in Sources */,
				6EC859FF18006F9C0089F123 /* DDASLLogger.m in Sources */,
				6EC85A1218006F9C0089F123 /* WebSocket.m in Sources */,
				6EC85A0E18006F9C0089F123 /* HTTPDataResponse.m in Sources */,
				6EC85A1718006F9C0089F123 /* RoutingConnection.m in Sources */,
				6EC859FB18006F9C0089F123 /* DDData.m in Sources */,
				6E580FFE180225BA004CB802 /* Post+NOResourceProtocol.m in Sources */,
				6EC859FE18006F9C0089F123 /* DDAbstractDatabaseLogger.m in Sources */,
				6E580FED1801E6B7004CB802 /* Base64.m in Sources */,
				6EC85A0318006F9C0089F123 /* ContextFilterLogFormatter.m in Sources */,
				6EC85A0C18006F9C0089F123 /* MultipartMessageHeaderField.m in Sources */,
				6EC85A0218006F9C0089F123 /* DDTTYLogger.m in Sources */,
				6EC85A0418006F9C0089F123 /* DispatchQueueLogFormatter.m in Sources */,
				6E41BC221803A97A001EE0C2 /* Client.m in Sources */,
				6EC8598418006E8E0089F123 /* main.m in Sources */,
				6E580FE41801D1D9004CB802 /* NSManagedObject+CoreDataJSONCompatibility.m in Sources */,
				6EC85A0018006F9C0089F123 /* DDFileLogger.m in Sources */,
				6EC85A0618006F9C0089F123 /* HTTPAuthenticationRequest.m in Sources */,
				6E580FEA1801E3D2004CB802 /* NSDate+ISO8601.m in Sources */,
			);
			runOnlyForDeploymentPostprocessing = 0;
		};
		6EC8599118006E8E0089F123 /* Sources */ = {
			isa = PBXSourcesBuildPhase;
			buildActionMask = 2147483647;
			files = (
				6EC859A118006E8E0089F123 /* NetworkObjectsOSXAppTests.m in Sources */,
			);
			runOnlyForDeploymentPostprocessing = 0;
		};
/* End PBXSourcesBuildPhase section */

/* Begin PBXTargetDependency section */
		6EC8599918006E8E0089F123 /* PBXTargetDependency */ = {
			isa = PBXTargetDependency;
			target = 6EC8597A18006E8D0089F123 /* NetworkObjectsOSXApp */;
			targetProxy = 6EC8599818006E8E0089F123 /* PBXContainerItemProxy */;
		};
/* End PBXTargetDependency section */

/* Begin PBXVariantGroup section */
		6EC8598018006E8E0089F123 /* InfoPlist.strings */ = {
			isa = PBXVariantGroup;
			children = (
				6EC8598118006E8E0089F123 /* en */,
			);
			name = InfoPlist.strings;
			sourceTree = "<group>";
		};
		6EC8598618006E8E0089F123 /* Credits.rtf */ = {
			isa = PBXVariantGroup;
			children = (
				6EC8598718006E8E0089F123 /* en */,
			);
			name = Credits.rtf;
			sourceTree = "<group>";
		};
		6EC8598C18006E8E0089F123 /* MainMenu.xib */ = {
			isa = PBXVariantGroup;
			children = (
				6EC8598D18006E8E0089F123 /* Base */,
			);
			name = MainMenu.xib;
			sourceTree = "<group>";
		};
		6EC8599D18006E8E0089F123 /* InfoPlist.strings */ = {
			isa = PBXVariantGroup;
			children = (
				6EC8599E18006E8E0089F123 /* en */,
			);
			name = InfoPlist.strings;
			sourceTree = "<group>";
		};
/* End PBXVariantGroup section */

/* Begin XCBuildConfiguration section */
		6EC858EC18006D7A0089F123 /* Debug */ = {
			isa = XCBuildConfiguration;
			buildSettings = {
			};
			name = Debug;
		};
		6EC858ED18006D7A0089F123 /* Release */ = {
			isa = XCBuildConfiguration;
			buildSettings = {
			};
			name = Release;
		};
		6EC859A318006E8E0089F123 /* Debug */ = {
			isa = XCBuildConfiguration;
			buildSettings = {
				ALWAYS_SEARCH_USER_PATHS = NO;
				ASSETCATALOG_COMPILER_APPICON_NAME = AppIcon;
				CLANG_CXX_LANGUAGE_STANDARD = "gnu++0x";
				CLANG_CXX_LIBRARY = "libc++";
				CLANG_ENABLE_OBJC_ARC = YES;
				CLANG_WARN_BOOL_CONVERSION = YES;
				CLANG_WARN_CONSTANT_CONVERSION = YES;
				CLANG_WARN_DIRECT_OBJC_ISA_USAGE = YES_ERROR;
				CLANG_WARN_EMPTY_BODY = YES;
				CLANG_WARN_ENUM_CONVERSION = YES;
				CLANG_WARN_INT_CONVERSION = YES;
				CLANG_WARN_OBJC_ROOT_CLASS = YES_ERROR;
				CLANG_WARN__DUPLICATE_METHOD_MATCH = YES;
				CODE_SIGN_ENTITLEMENTS = NetworkObjectsOSXApp/NetworkObjectsOSXApp.entitlements;
				CODE_SIGN_IDENTITY = "-";
				COMBINE_HIDPI_IMAGES = YES;
				COPY_PHASE_STRIP = NO;
				GCC_C_LANGUAGE_STANDARD = gnu99;
				GCC_DYNAMIC_NO_PIC = NO;
				GCC_ENABLE_OBJC_EXCEPTIONS = YES;
				GCC_OPTIMIZATION_LEVEL = 0;
				GCC_PRECOMPILE_PREFIX_HEADER = YES;
				GCC_PREFIX_HEADER = "NetworkObjectsOSXApp/NetworkObjectsOSXApp-Prefix.pch";
				GCC_PREPROCESSOR_DEFINITIONS = (
					"DEBUG=1",
					"$(inherited)",
				);
				GCC_SYMBOLS_PRIVATE_EXTERN = NO;
				GCC_WARN_64_TO_32_BIT_CONVERSION = YES;
				GCC_WARN_ABOUT_RETURN_TYPE = YES_ERROR;
				GCC_WARN_UNDECLARED_SELECTOR = YES;
				GCC_WARN_UNINITIALIZED_AUTOS = YES;
				GCC_WARN_UNUSED_FUNCTION = YES;
				GCC_WARN_UNUSED_VARIABLE = YES;
				INFOPLIST_FILE = "NetworkObjectsOSXApp/NetworkObjectsOSXApp-Info.plist";
				MACOSX_DEPLOYMENT_TARGET = 10.8;
				ONLY_ACTIVE_ARCH = YES;
				PRODUCT_NAME = "$(TARGET_NAME)";
				SDKROOT = macosx;
				WRAPPER_EXTENSION = app;
			};
			name = Debug;
		};
		6EC859A418006E8E0089F123 /* Release */ = {
			isa = XCBuildConfiguration;
			buildSettings = {
				ALWAYS_SEARCH_USER_PATHS = NO;
				ASSETCATALOG_COMPILER_APPICON_NAME = AppIcon;
				CLANG_CXX_LANGUAGE_STANDARD = "gnu++0x";
				CLANG_CXX_LIBRARY = "libc++";
				CLANG_ENABLE_OBJC_ARC = YES;
				CLANG_WARN_BOOL_CONVERSION = YES;
				CLANG_WARN_CONSTANT_CONVERSION = YES;
				CLANG_WARN_DIRECT_OBJC_ISA_USAGE = YES_ERROR;
				CLANG_WARN_EMPTY_BODY = YES;
				CLANG_WARN_ENUM_CONVERSION = YES;
				CLANG_WARN_INT_CONVERSION = YES;
				CLANG_WARN_OBJC_ROOT_CLASS = YES_ERROR;
				CLANG_WARN__DUPLICATE_METHOD_MATCH = YES;
				CODE_SIGN_ENTITLEMENTS = NetworkObjectsOSXApp/NetworkObjectsOSXApp.entitlements;
				CODE_SIGN_IDENTITY = "-";
				COMBINE_HIDPI_IMAGES = YES;
				COPY_PHASE_STRIP = YES;
				DEBUG_INFORMATION_FORMAT = "dwarf-with-dsym";
				ENABLE_NS_ASSERTIONS = NO;
				GCC_C_LANGUAGE_STANDARD = gnu99;
				GCC_ENABLE_OBJC_EXCEPTIONS = YES;
				GCC_PRECOMPILE_PREFIX_HEADER = YES;
				GCC_PREFIX_HEADER = "NetworkObjectsOSXApp/NetworkObjectsOSXApp-Prefix.pch";
				GCC_WARN_64_TO_32_BIT_CONVERSION = YES;
				GCC_WARN_ABOUT_RETURN_TYPE = YES_ERROR;
				GCC_WARN_UNDECLARED_SELECTOR = YES;
				GCC_WARN_UNINITIALIZED_AUTOS = YES;
				GCC_WARN_UNUSED_FUNCTION = YES;
				GCC_WARN_UNUSED_VARIABLE = YES;
				INFOPLIST_FILE = "NetworkObjectsOSXApp/NetworkObjectsOSXApp-Info.plist";
				MACOSX_DEPLOYMENT_TARGET = 10.8;
				PRODUCT_NAME = "$(TARGET_NAME)";
				SDKROOT = macosx;
				WRAPPER_EXTENSION = app;
			};
			name = Release;
		};
		6EC859A618006E8E0089F123 /* Debug */ = {
			isa = XCBuildConfiguration;
			buildSettings = {
				ALWAYS_SEARCH_USER_PATHS = NO;
				BUNDLE_LOADER = "$(BUILT_PRODUCTS_DIR)/NetworkObjectsOSXApp.app/Contents/MacOS/NetworkObjectsOSXApp";
				CLANG_CXX_LANGUAGE_STANDARD = "gnu++0x";
				CLANG_CXX_LIBRARY = "libc++";
				CLANG_ENABLE_OBJC_ARC = YES;
				CLANG_WARN_BOOL_CONVERSION = YES;
				CLANG_WARN_CONSTANT_CONVERSION = YES;
				CLANG_WARN_DIRECT_OBJC_ISA_USAGE = YES_ERROR;
				CLANG_WARN_EMPTY_BODY = YES;
				CLANG_WARN_ENUM_CONVERSION = YES;
				CLANG_WARN_INT_CONVERSION = YES;
				CLANG_WARN_OBJC_ROOT_CLASS = YES_ERROR;
				CLANG_WARN__DUPLICATE_METHOD_MATCH = YES;
				COMBINE_HIDPI_IMAGES = YES;
				COPY_PHASE_STRIP = NO;
				FRAMEWORK_SEARCH_PATHS = (
					"$(DEVELOPER_FRAMEWORKS_DIR)",
					"$(inherited)",
				);
				GCC_C_LANGUAGE_STANDARD = gnu99;
				GCC_DYNAMIC_NO_PIC = NO;
				GCC_ENABLE_OBJC_EXCEPTIONS = YES;
				GCC_OPTIMIZATION_LEVEL = 0;
				GCC_PRECOMPILE_PREFIX_HEADER = YES;
				GCC_PREFIX_HEADER = "NetworkObjectsOSXApp/NetworkObjectsOSXApp-Prefix.pch";
				GCC_PREPROCESSOR_DEFINITIONS = (
					"DEBUG=1",
					"$(inherited)",
				);
				GCC_SYMBOLS_PRIVATE_EXTERN = NO;
				GCC_WARN_64_TO_32_BIT_CONVERSION = YES;
				GCC_WARN_ABOUT_RETURN_TYPE = YES_ERROR;
				GCC_WARN_UNDECLARED_SELECTOR = YES;
				GCC_WARN_UNINITIALIZED_AUTOS = YES;
				GCC_WARN_UNUSED_FUNCTION = YES;
				GCC_WARN_UNUSED_VARIABLE = YES;
				INFOPLIST_FILE = "NetworkObjectsOSXAppTests/NetworkObjectsOSXAppTests-Info.plist";
				MACOSX_DEPLOYMENT_TARGET = 10.8;
				ONLY_ACTIVE_ARCH = YES;
				PRODUCT_NAME = "$(TARGET_NAME)";
				SDKROOT = macosx;
				TEST_HOST = "$(BUNDLE_LOADER)";
				WRAPPER_EXTENSION = xctest;
			};
			name = Debug;
		};
		6EC859A718006E8E0089F123 /* Release */ = {
			isa = XCBuildConfiguration;
			buildSettings = {
				ALWAYS_SEARCH_USER_PATHS = NO;
				BUNDLE_LOADER = "$(BUILT_PRODUCTS_DIR)/NetworkObjectsOSXApp.app/Contents/MacOS/NetworkObjectsOSXApp";
				CLANG_CXX_LANGUAGE_STANDARD = "gnu++0x";
				CLANG_CXX_LIBRARY = "libc++";
				CLANG_ENABLE_OBJC_ARC = YES;
				CLANG_WARN_BOOL_CONVERSION = YES;
				CLANG_WARN_CONSTANT_CONVERSION = YES;
				CLANG_WARN_DIRECT_OBJC_ISA_USAGE = YES_ERROR;
				CLANG_WARN_EMPTY_BODY = YES;
				CLANG_WARN_ENUM_CONVERSION = YES;
				CLANG_WARN_INT_CONVERSION = YES;
				CLANG_WARN_OBJC_ROOT_CLASS = YES_ERROR;
				CLANG_WARN__DUPLICATE_METHOD_MATCH = YES;
				COMBINE_HIDPI_IMAGES = YES;
				COPY_PHASE_STRIP = YES;
				DEBUG_INFORMATION_FORMAT = "dwarf-with-dsym";
				ENABLE_NS_ASSERTIONS = NO;
				FRAMEWORK_SEARCH_PATHS = (
					"$(DEVELOPER_FRAMEWORKS_DIR)",
					"$(inherited)",
				);
				GCC_C_LANGUAGE_STANDARD = gnu99;
				GCC_ENABLE_OBJC_EXCEPTIONS = YES;
				GCC_PRECOMPILE_PREFIX_HEADER = YES;
				GCC_PREFIX_HEADER = "NetworkObjectsOSXApp/NetworkObjectsOSXApp-Prefix.pch";
				GCC_WARN_64_TO_32_BIT_CONVERSION = YES;
				GCC_WARN_ABOUT_RETURN_TYPE = YES_ERROR;
				GCC_WARN_UNDECLARED_SELECTOR = YES;
				GCC_WARN_UNINITIALIZED_AUTOS = YES;
				GCC_WARN_UNUSED_FUNCTION = YES;
				GCC_WARN_UNUSED_VARIABLE = YES;
				INFOPLIST_FILE = "NetworkObjectsOSXAppTests/NetworkObjectsOSXAppTests-Info.plist";
				MACOSX_DEPLOYMENT_TARGET = 10.8;
				PRODUCT_NAME = "$(TARGET_NAME)";
				SDKROOT = macosx;
				TEST_HOST = "$(BUNDLE_LOADER)";
				WRAPPER_EXTENSION = xctest;
			};
			name = Release;
		};
/* End XCBuildConfiguration section */

/* Begin XCConfigurationList section */
		6EC858EB18006D7A0089F123 /* Build configuration list for PBXProject "NetworkObjects" */ = {
			isa = XCConfigurationList;
			buildConfigurations = (
				6EC858EC18006D7A0089F123 /* Debug */,
				6EC858ED18006D7A0089F123 /* Release */,
			);
			defaultConfigurationIsVisible = 0;
			defaultConfigurationName = Release;
		};
		6EC859A218006E8E0089F123 /* Build configuration list for PBXNativeTarget "NetworkObjectsOSXApp" */ = {
			isa = XCConfigurationList;
			buildConfigurations = (
				6EC859A318006E8E0089F123 /* Debug */,
				6EC859A418006E8E0089F123 /* Release */,
			);
			defaultConfigurationIsVisible = 0;
			defaultConfigurationName = Release;
		};
		6EC859A518006E8E0089F123 /* Build configuration list for PBXNativeTarget "NetworkObjectsOSXAppTests" */ = {
			isa = XCConfigurationList;
			buildConfigurations = (
				6EC859A618006E8E0089F123 /* Debug */,
				6EC859A718006E8E0089F123 /* Release */,
			);
			defaultConfigurationIsVisible = 0;
			defaultConfigurationName = Release;
		};
/* End XCConfigurationList section */

/* Begin XCVersionGroup section */
		6E2B262C18012263002B94F2 /* Model.xcdatamodeld */ = {
			isa = XCVersionGroup;
			children = (
				6E2B262D18012263002B94F2 /* Model.xcdatamodel */,
			);
			currentVersion = 6E2B262D18012263002B94F2 /* Model.xcdatamodel */;
			path = Model.xcdatamodeld;
			sourceTree = "<group>";
			versionGroupType = wrapper.xcdatamodel;
		};
/* End XCVersionGroup section */
	};
	rootObject = 6EC858E818006D7A0089F123 /* Project object */;
}
